
Microsoft Visual Studio Solution File, Format Version 12.00
# Visual Studio Version 16
VisualStudioVersion = 16.0.30002.166
MinimumVisualStudioVersion = 10.0.40219.1
Project("{FAE04EC0-301F-11D3-BF4B-00C04F79EFBC}") = "StackerBarChart2", "StackerBarChart2\StackerBarChart2.csproj", "{8174E22C-3E80-4E8F-8F43-63E110CB3258}"
EndProject
Global
	GlobalSection(SolutionConfigurationPlatforms) = preSolution
		Debug|Any CPU = Debug|Any CPU
		Release|Any CPU = Release|Any CPU
	EndGlobalSection
	GlobalSection(ProjectConfigurationPlatforms) = postSolution
		{8174E22C-3E80-4E8F-8F43-63E110CB3258}.Debug|Any CPU.ActiveCfg = Debug|Any CPU
		{8174E22C-3E80-4E8F-8F43-63E110CB3258}.Debug|Any CPU.Build.0 = Debug|Any CPU
		{8174E22C-3E80-4E8F-8F43-63E110CB3258}.Release|Any CPU.ActiveCfg = Release|Any CPU
		{8174E22C-3E80-4E8F-8F43-63E110CB3258}.Release|Any CPU.Build.0 = Release|Any CPU
	EndGlobalSection
	GlobalSection(SolutionProperties) = preSolution
		HideSolutionNode = FALSE
	EndGlobalSection
	GlobalSection(ExtensibilityGlobals) = postSolution
		SolutionGuid = {2ACDCCCD-7D5B-4A90-B130-DED75FF4FC0F}
	EndGlobalSection
EndGlobal
